
Microsoft Visual Studio Solution File, Format Version 12.00
# Visual Studio Version 16
VisualStudioVersion = 16.0.31515.178
MinimumVisualStudioVersion = 10.0.40219.1
Project("{FAE04EC0-301F-11D3-BF4B-00C04F79EFBC}") = "Display class details", "Display class details\Display class details.csproj", "{272B8518-000C-4D13-8683-4EAE9895E34E}"
EndProject
Global
	GlobalSection(SolutionConfigurationPlatforms) = preSolution
		Debug|Any CPU = Debug|Any CPU
		Release|Any CPU = Release|Any CPU
	EndGlobalSection
	GlobalSection(ProjectConfigurationPlatforms) = postSolution
		{272B8518-000C-4D13-8683-4EAE9895E34E}.Debug|Any CPU.ActiveCfg = Debug|Any CPU
		{272B8518-000C-4D13-8683-4EAE9895E34E}.Debug|Any CPU.Build.0 = Debug|Any CPU
		{272B8518-000C-4D13-8683-4EAE9895E34E}.Release|Any CPU.ActiveCfg = Release|Any CPU
		{272B8518-000C-4D13-8683-4EAE9895E34E}.Release|Any CPU.Build.0 = Release|Any CPU
	EndGlobalSection
	GlobalSection(SolutionProperties) = preSolution
		HideSolutionNode = FALSE
	EndGlobalSection
	GlobalSection(ExtensibilityGlobals) = postSolution
		SolutionGuid = {5B44E24A-8008-46C2-9145-B9B88C3F8CC6}
	EndGlobalSection
EndGlobal
